
Microsoft Visual Studio Solution File, Format Version 12.00
# Visual Studio Version 16
VisualStudioVersion = 16.0.32510.428
MinimumVisualStudioVersion = 10.0.40219.1
Project("{FAE04EC0-301F-11D3-BF4B-00C04F79EFBC}") = "paint", "paint\paint.csproj", "{F72F427A-B1F9-45CE-9154-02D41B6F4FBC}"
EndProject
Project("{2150E333-8FDC-42A3-9474-1A3956D46DE8}") = "Solution Items", "Solution Items", "{18E7405E-B828-4508-B894-F71B8D6AF44C}"
	ProjectSection(SolutionItems) = preProject
		G:\Szoftverfejlesztés\OKJ-s összes cucc\Saját OKJ-s cuccaim\Ikonok projektekhez\paletta.ico = G:\Szoftverfejlesztés\OKJ-s összes cucc\Saját OKJ-s cuccaim\Ikonok projektekhez\paletta.ico
	EndProjectSection
EndProject
Global
	GlobalSection(SolutionConfigurationPlatforms) = preSolution
		Debug|Any CPU = Debug|Any CPU
		Release|Any CPU = Release|Any CPU
	EndGlobalSection
	GlobalSection(ProjectConfigurationPlatforms) = postSolution
		{F72F427A-B1F9-45CE-9154-02D41B6F4FBC}.Debug|Any CPU.ActiveCfg = Debug|Any CPU
		{F72F427A-B1F9-45CE-9154-02D41B6F4FBC}.Debug|Any CPU.Build.0 = Debug|Any CPU
		{F72F427A-B1F9-45CE-9154-02D41B6F4FBC}.Release|Any CPU.ActiveCfg = Release|Any CPU
		{F72F427A-B1F9-45CE-9154-02D41B6F4FBC}.Release|Any CPU.Build.0 = Release|Any CPU
	EndGlobalSection
	GlobalSection(SolutionProperties) = preSolution
		HideSolutionNode = FALSE
	EndGlobalSection
	GlobalSection(ExtensibilityGlobals) = postSolution
		SolutionGuid = {E0B65CBD-5CE2-4372-8D86-1784D9FCD7C5}
	EndGlobalSection
EndGlobal
